[[package]]
name = "typing-extensions"
version = "3.10.0.1"
description = "Backported and Experimental Type Hints for Python 3.5+"
category = "main"
optional = false
python-versions = "*"

[metadata]
lock-version = "1.1"
python-versions = "^3.7"
content-hash = "54132e819d02e701d3350b65760bb69fb57a610a1c4f792cc17cb5905a0244eb"

[metadata.files]
typing-extensions = [
    {file = "typing_extensions-3.10.0.1-py2-none-any.whl", hash = "sha256:8bbffbd37fbeb9747a0241fdfde5ae99d4531ad1d1a41ccaea62100e15a5814c"},
    {file = "typing_extensions-3.10.0.1-py3-none-any.whl", hash = "sha256:045dd532231acfa03628df5e0c66dba64e2cc8fc8b844538d4ad6d5dd6cb82dc"},
    {file = "typing_extensions-3.10.0.1.tar.gz", hash = "sha256:83af6730a045fda60f46510f7f1f094776d90321caa4d97d20ef38871bef4bd3"},
]
